
Microsoft Visual Studio Solution File, Format Version 12.00
# Visual Studio 15
VisualStudioVersion = 15.0.27130.2020
MinimumVisualStudioVersion = 10.0.40219.1
Project("{2150E333-8FDC-42A3-9474-1A3956D46DE8}") = "01 Framework 基础模块", "01 Framework 基础模块", "{C6B09613-CC72-4D16-8056-1FD68ED86BF3}"
EndProject
Project("{2150E333-8FDC-42A3-9474-1A3956D46DE8}") = "02 ApplicationModule 应用模块", "02 ApplicationModule 应用模块", "{656B47C1-3922-4F0B-820E-00BA9BDB33B1}"
EndProject
Project("{2150E333-8FDC-42A3-9474-1A3956D46DE8}") = "04 Application 应用界面", "04 Application 应用界面", "{29DFF52B-8455-4EA1-8798-3AEE210D9372}"
EndProject
Project("{2150E333-8FDC-42A3-9474-1A3956D46DE8}") = "01 Util 实用类模块", "01 Util 实用类模块", "{5C21750D-4143-4749-9489-F739765F542D}"
EndProject
Project("{2150E333-8FDC-42A3-9474-1A3956D46DE8}") = ".nuget", ".nuget", "{26CFF3C8-4B33-4588-8787-D631124FD63E}"
	ProjectSection(SolutionItems) = preProject
		.nuget\NuGet.Config = .nuget\NuGet.Config
		.nuget\NuGet.exe = .nuget\NuGet.exe
		.nuget\NuGet.targets = .nuget\NuGet.targets
	EndProjectSection
EndProject
Project("{2150E333-8FDC-42A3-9474-1A3956D46DE8}") = "03 SOA 应用服务", "03 SOA 应用服务", "{ED258CD0-0A0C-490B-9D8F-B4CEC4467251}"
EndProject
Project("{FAE04EC0-301F-11D3-BF4B-00C04F79EFBC}") = "Learun.Util", "Learun.Framework.Module\Learun.Util\Learun.Util\Learun.Util.csproj", "{CF8AE293-88AB-436C-9720-A8386BA5D7B7}"
EndProject
Project("{FAE04EC0-301F-11D3-BF4B-00C04F79EFBC}") = "Learun.Util.Operat", "Learun.Framework.Module\Learun.Util\Learun.Util.Operat\Learun.Util.Operat.csproj", "{AD556B7A-E0D1-41BD-9D5B-18F8502E9F33}"
EndProject
Project("{FAE04EC0-301F-11D3-BF4B-00C04F79EFBC}") = "Learun.Application.Mapping", "Learun.Framework.Module\Learun.Application.Module\Learun.Application.Mapping\Learun.Application.Mapping.csproj", "{79F8E2F1-08E7-4336-93E0-512B39F9DD54}"
EndProject
Project("{2150E333-8FDC-42A3-9474-1A3956D46DE8}") = "01 数据库实体映射", "01 数据库实体映射", "{EB13D46C-0BFF-4245-AC36-41006C7ECA26}"
EndProject
Project("{2150E333-8FDC-42A3-9474-1A3956D46DE8}") = "02二次开发模块", "02二次开发模块", "{BB319097-537F-4937-9ABF-62DCB0F25C76}"
EndProject
Project("{FAE04EC0-301F-11D3-BF4B-00C04F79EFBC}") = "Learun.Application.WebApi", "Learun.Application.WebApi\Learun.Application.WebApi.csproj", "{FA8E854B-F41C-4554-A97E-8D6E076E3117}"
EndProject
Project("{262852C6-CD72-467D-83FE-5EEB1973A190}") = "Learun.Application.Mobile", "Learun.Application.Mobile\Learun.Application.Mobile.jsproj", "{B9943E88-BF67-46EC-A4D8-D0C81D5846C4}"
EndProject
Project("{FAE04EC0-301F-11D3-BF4B-00C04F79EFBC}") = "Learun.Application.Web", "Learun.Application.Web\Learun.Application.Web.csproj", "{2F94FC64-4D55-4874-8A71-95E9DB1F2AAD}"
EndProject
Project("{FAE04EC0-301F-11D3-BF4B-00C04F79EFBC}") = "Learun.Application.TwoDevelopment", "Learun.Framework.Module\Learun.Application.Module\Learun.Application.TwoDevelopment\Learun.Application.TwoDevelopment.csproj", "{56F9A112-FD96-4809-98F4-0D7C5DE0711B}"
EndProject
Project("{FAE04EC0-301F-11D3-BF4B-00C04F79EFBC}") = "Learun.WorkFlow.Plugin", "Learun.WorkfFlow.Plugin\Learun.WorkFlow.Plugin.csproj", "{47DD3305-EF76-4EE3-AD8C-B978EB7E4561}"
EndProject
Project("{2150E333-8FDC-42A3-9474-1A3956D46DE8}") = "05 Lib", "05 Lib", "{40BD0A5A-2C48-400A-9775-326C017D9A38}"
	ProjectSection(SolutionItems) = preProject
		lib\Aspose.Cells.dll = lib\Aspose.Cells.dll
		lib\Aspose.Words.dll = lib\Aspose.Words.dll
		lib\Common.Logging.dll = lib\Common.Logging.dll
		lib\Common.Logging.xml = lib\Common.Logging.xml
		lib\CommonServiceLocator.dll = lib\CommonServiceLocator.dll
		lib\Dapper.dll = lib\Dapper.dll
		lib\Dapper.xml = lib\Dapper.xml
		lib\EcmaScript.NET.dll = lib\EcmaScript.NET.dll
		lib\EntityFramework.dll = lib\EntityFramework.dll
		lib\EntityFramework.SqlServer.dll = lib\EntityFramework.SqlServer.dll
		lib\EntityFramework.SqlServer.xml = lib\EntityFramework.SqlServer.xml
		lib\EntityFramework.xml = lib\EntityFramework.xml
		lib\ICSharpCode.SharpZipLib.dll = lib\ICSharpCode.SharpZipLib.dll
		lib\Learun.Application.AppMagager.dll = lib\Learun.Application.AppMagager.dll
		lib\Learun.Application.AppMagager.dll.config = lib\Learun.Application.AppMagager.dll.config
		lib\Learun.Application.Base.dll = lib\Learun.Application.Base.dll
		lib\Learun.Application.Base.dll.config = lib\Learun.Application.Base.dll.config
		lib\Learun.Application.CRM.dll = lib\Learun.Application.CRM.dll
		lib\Learun.Application.CRM.dll.config = lib\Learun.Application.CRM.dll.config
		lib\Learun.Application.Excel.dll = lib\Learun.Application.Excel.dll
		lib\Learun.Application.Excel.dll.config = lib\Learun.Application.Excel.dll.config
		lib\Learun.Application.Extention.dll = lib\Learun.Application.Extention.dll
		lib\Learun.Application.Extention.dll.config = lib\Learun.Application.Extention.dll.config
		lib\Learun.Application.Form.dll = lib\Learun.Application.Form.dll
		lib\Learun.Application.Form.dll.config = lib\Learun.Application.Form.dll.config
		lib\Learun.Application.IM.dll = lib\Learun.Application.IM.dll
		lib\Learun.Application.IM.dll.config = lib\Learun.Application.IM.dll.config
		lib\Learun.Application.Language.dll = lib\Learun.Application.Language.dll
		lib\Learun.Application.Language.dll.config = lib\Learun.Application.Language.dll.config
		lib\Learun.Application.Mapping.dll = lib\Learun.Application.Mapping.dll
		lib\Learun.Application.Mapping.dll.config = lib\Learun.Application.Mapping.dll.config
		lib\Learun.Application.Message.dll = lib\Learun.Application.Message.dll
		lib\Learun.Application.Message.dll.config = lib\Learun.Application.Message.dll.config
		lib\Learun.Application.OA.dll = lib\Learun.Application.OA.dll
		lib\Learun.Application.OA.dll.config = lib\Learun.Application.OA.dll.config
		lib\Learun.Application.Organization.dll = lib\Learun.Application.Organization.dll
		lib\Learun.Application.Organization.dll.config = lib\Learun.Application.Organization.dll.config
		lib\Learun.Application.Report.dll = lib\Learun.Application.Report.dll
		lib\Learun.Application.Report.dll.config = lib\Learun.Application.Report.dll.config
		lib\Learun.Application.TwoDevelopment.dll = lib\Learun.Application.TwoDevelopment.dll
		lib\Learun.Application.TwoDevelopment.dll.config = lib\Learun.Application.TwoDevelopment.dll.config
		lib\Learun.Application.WeChat.dll = lib\Learun.Application.WeChat.dll
		lib\Learun.Application.WeChat.dll.config = lib\Learun.Application.WeChat.dll.config
		lib\Learun.Application.WorkFlow.dll = lib\Learun.Application.WorkFlow.dll
		lib\Learun.Application.WorkFlow.dll.config = lib\Learun.Application.WorkFlow.dll.config
		lib\Learun.Cache.Base.dll = lib\Learun.Cache.Base.dll
		lib\Learun.Cache.Factory.dll = lib\Learun.Cache.Factory.dll
		lib\Learun.Cache.Redis.dll = lib\Learun.Cache.Redis.dll
		lib\Learun.DataBase.dll = lib\Learun.DataBase.dll
		lib\Learun.DataBase.dll.config = lib\Learun.DataBase.dll.config
		lib\Learun.DataBase.MySqlEx.dll = lib\Learun.DataBase.MySqlEx.dll
		lib\Learun.DataBase.MySqlEx.dll.config = lib\Learun.DataBase.MySqlEx.dll.config
		lib\Learun.DataBase.Oracle.dll = lib\Learun.DataBase.Oracle.dll
		lib\Learun.DataBase.Oracle.dll.config = lib\Learun.DataBase.Oracle.dll.config
		lib\Learun.DataBase.Repository.dll = lib\Learun.DataBase.Repository.dll
		lib\Learun.DataBase.Repository.dll.config = lib\Learun.DataBase.Repository.dll.config
		lib\Learun.DataBase.SqlServer.dll = lib\Learun.DataBase.SqlServer.dll
		lib\Learun.DataBase.SqlServer.dll.config = lib\Learun.DataBase.SqlServer.dll.config
		lib\Learun.Ioc.dll = lib\Learun.Ioc.dll
		lib\Learun.Loger.dll = lib\Learun.Loger.dll
		lib\Learun.Util.dll = lib\Learun.Util.dll
		lib\Learun.Util.dll.config = lib\Learun.Util.dll.config
		lib\Learun.Workflow.Engine.dll = lib\Learun.Workflow.Engine.dll
		lib\Learun.Workflow.Engine.dll.config = lib\Learun.Workflow.Engine.dll.config
		lib\libeay32.dll = lib\libeay32.dll
		lib\libgcc_s_dw2-1.dll = lib\libgcc_s_dw2-1.dll
		lib\log4net.dll = lib\log4net.dll
		lib\log4net.xml = lib\log4net.xml
		lib\LumiSoft.Net.dll = lib\LumiSoft.Net.dll
		lib\LumiSoft.Net.xml = lib\LumiSoft.Net.xml
		lib\Microsoft.AspNet.SignalR.Client.dll = lib\Microsoft.AspNet.SignalR.Client.dll
		lib\Microsoft.AspNet.SignalR.Client.xml = lib\Microsoft.AspNet.SignalR.Client.xml
		lib\Microsoft.AspNet.SignalR.Core.dll = lib\Microsoft.AspNet.SignalR.Core.dll
		lib\Microsoft.AspNet.SignalR.Core.xml = lib\Microsoft.AspNet.SignalR.Core.xml
		lib\Microsoft.mshtml.dll = lib\Microsoft.mshtml.dll
		lib\Microsoft.Owin.Cors.dll = lib\Microsoft.Owin.Cors.dll
		lib\Microsoft.Owin.Cors.xml = lib\Microsoft.Owin.Cors.xml
		lib\Microsoft.Owin.Diagnostics.dll = lib\Microsoft.Owin.Diagnostics.dll
		lib\Microsoft.Owin.Diagnostics.xml = lib\Microsoft.Owin.Diagnostics.xml
		lib\Microsoft.Owin.dll = lib\Microsoft.Owin.dll
		lib\Microsoft.Owin.Host.HttpListener.dll = lib\Microsoft.Owin.Host.HttpListener.dll
		lib\Microsoft.Owin.Host.HttpListener.xml = lib\Microsoft.Owin.Host.HttpListener.xml
		lib\Microsoft.Owin.Hosting.dll = lib\Microsoft.Owin.Hosting.dll
		lib\Microsoft.Owin.Hosting.xml = lib\Microsoft.Owin.Hosting.xml
		lib\Microsoft.Owin.Security.dll = lib\Microsoft.Owin.Security.dll
		lib\Microsoft.Owin.Security.xml = lib\Microsoft.Owin.Security.xml
		lib\Microsoft.Owin.xml = lib\Microsoft.Owin.xml
		lib\Microsoft.Practices.Unity.Configuration.dll = lib\Microsoft.Practices.Unity.Configuration.dll
		lib\Microsoft.Practices.Unity.Configuration.xml = lib\Microsoft.Practices.Unity.Configuration.xml
		lib\Microsoft.Practices.Unity.dll = lib\Microsoft.Practices.Unity.dll
		lib\Microsoft.Practices.Unity.RegistrationByConvention.dll = lib\Microsoft.Practices.Unity.RegistrationByConvention.dll
		lib\Microsoft.Practices.Unity.RegistrationByConvention.xml = lib\Microsoft.Practices.Unity.RegistrationByConvention.xml
		lib\Microsoft.Practices.Unity.xml = lib\Microsoft.Practices.Unity.xml
		lib\Microsoft.Win32.Primitives.dll = lib\Microsoft.Win32.Primitives.dll
		lib\mingwm10.dll = lib\mingwm10.dll
		lib\MySql.Data.dll = lib\MySql.Data.dll
		lib\MySql.Data.Entity.EF6.dll = lib\MySql.Data.Entity.EF6.dll
		lib\netstandard.dll = lib\netstandard.dll
		lib\Newtonsoft.Json.dll = lib\Newtonsoft.Json.dll
		lib\Newtonsoft.Json.xml = lib\Newtonsoft.Json.xml
		lib\NPOI.dll = lib\NPOI.dll
		lib\NPOI.OOXML.dll = lib\NPOI.OOXML.dll
		lib\NPOI.OpenXml4Net.dll = lib\NPOI.OpenXml4Net.dll
		lib\NPOI.OpenXmlFormats.dll = lib\NPOI.OpenXmlFormats.dll
		lib\NPOI.xml = lib\NPOI.xml
		lib\Oracle.ManagedDataAccess.dll = lib\Oracle.ManagedDataAccess.dll
		lib\Oracle.ManagedDataAccess.EntityFramework.dll = lib\Oracle.ManagedDataAccess.EntityFramework.dll
		lib\Owin.dll = lib\Owin.dll
		lib\Pechkin.dll = lib\Pechkin.dll
		lib\Pechkin.Synchronized.dll = lib\Pechkin.Synchronized.dll
		lib\Pipelines.Sockets.Unofficial.dll = lib\Pipelines.Sockets.Unofficial.dll
		lib\Pipelines.Sockets.Unofficial.xml = lib\Pipelines.Sockets.Unofficial.xml
		lib\Quartz.dll = lib\Quartz.dll
		lib\Quartz.xml = lib\Quartz.xml
		lib\Spire.Barcode.dll = lib\Spire.Barcode.dll
		lib\Spire.Barcode.xml = lib\Spire.Barcode.xml
		lib\Spire.DataExport.dll = lib\Spire.DataExport.dll
		lib\Spire.DataExport.ResourceMgr.dll = lib\Spire.DataExport.ResourceMgr.dll
		lib\Spire.DataExport.ResourceMgr.xml = lib\Spire.DataExport.ResourceMgr.xml
		lib\Spire.DataExport.xml = lib\Spire.DataExport.xml
		lib\Spire.Doc.dll = lib\Spire.Doc.dll
		lib\Spire.Doc.xml = lib\Spire.Doc.xml
		lib\Spire.DocViewer.Forms.dll = lib\Spire.DocViewer.Forms.dll
		lib\Spire.DocViewer.Forms.xml = lib\Spire.DocViewer.Forms.xml
		lib\Spire.License.dll = lib\Spire.License.dll
		lib\Spire.License.xml = lib\Spire.License.xml
		lib\Spire.Pdf.dll = lib\Spire.Pdf.dll
		lib\Spire.Pdf.xml = lib\Spire.Pdf.xml
		lib\Spire.PdfViewer.Forms.dll = lib\Spire.PdfViewer.Forms.dll
		lib\Spire.PdfViewer.Forms.xml = lib\Spire.PdfViewer.Forms.xml
		lib\Spire.Presentation.dll = lib\Spire.Presentation.dll
		lib\Spire.Presentation.xml = lib\Spire.Presentation.xml
		lib\Spire.XLS.dll = lib\Spire.XLS.dll
		lib\Spire.XLS.xml = lib\Spire.XLS.xml
		lib\ssleay32.dll = lib\ssleay32.dll
		lib\StackExchange.Redis.dll = lib\StackExchange.Redis.dll
		lib\StackExchange.Redis.xml = lib\StackExchange.Redis.xml
		lib\System.AppContext.dll = lib\System.AppContext.dll
		lib\System.Buffers.dll = lib\System.Buffers.dll
		lib\System.Buffers.xml = lib\System.Buffers.xml
		lib\System.Collections.Concurrent.dll = lib\System.Collections.Concurrent.dll
		lib\System.Collections.dll = lib\System.Collections.dll
		lib\System.Collections.NonGeneric.dll = lib\System.Collections.NonGeneric.dll
		lib\System.Collections.Specialized.dll = lib\System.Collections.Specialized.dll
		lib\System.ComponentModel.dll = lib\System.ComponentModel.dll
		lib\System.ComponentModel.EventBasedAsync.dll = lib\System.ComponentModel.EventBasedAsync.dll
		lib\System.ComponentModel.Primitives.dll = lib\System.ComponentModel.Primitives.dll
		lib\System.ComponentModel.TypeConverter.dll = lib\System.ComponentModel.TypeConverter.dll
		lib\System.Console.dll = lib\System.Console.dll
		lib\System.Data.Common.dll = lib\System.Data.Common.dll
		lib\System.Diagnostics.Contracts.dll = lib\System.Diagnostics.Contracts.dll
		lib\System.Diagnostics.Debug.dll = lib\System.Diagnostics.Debug.dll
		lib\System.Diagnostics.FileVersionInfo.dll = lib\System.Diagnostics.FileVersionInfo.dll
		lib\System.Diagnostics.PerformanceCounter.dll = lib\System.Diagnostics.PerformanceCounter.dll
		lib\System.Diagnostics.Process.dll = lib\System.Diagnostics.Process.dll
		lib\System.Diagnostics.StackTrace.dll = lib\System.Diagnostics.StackTrace.dll
		lib\System.Diagnostics.TextWriterTraceListener.dll = lib\System.Diagnostics.TextWriterTraceListener.dll
		lib\System.Diagnostics.Tools.dll = lib\System.Diagnostics.Tools.dll
		lib\System.Diagnostics.TraceSource.dll = lib\System.Diagnostics.TraceSource.dll
		lib\System.Diagnostics.Tracing.dll = lib\System.Diagnostics.Tracing.dll
		lib\System.Drawing.Primitives.dll = lib\System.Drawing.Primitives.dll
		lib\System.Dynamic.Runtime.dll = lib\System.Dynamic.Runtime.dll
		lib\System.Globalization.Calendars.dll = lib\System.Globalization.Calendars.dll
		lib\System.Globalization.dll = lib\System.Globalization.dll
		lib\System.Globalization.Extensions.dll = lib\System.Globalization.Extensions.dll
		lib\System.IO.Compression.dll = lib\System.IO.Compression.dll
		lib\System.IO.Compression.ZipFile.dll = lib\System.IO.Compression.ZipFile.dll
		lib\System.IO.dll = lib\System.IO.dll
		lib\System.IO.FileSystem.dll = lib\System.IO.FileSystem.dll
		lib\System.IO.FileSystem.DriveInfo.dll = lib\System.IO.FileSystem.DriveInfo.dll
		lib\System.IO.FileSystem.Primitives.dll = lib\System.IO.FileSystem.Primitives.dll
		lib\System.IO.FileSystem.Watcher.dll = lib\System.IO.FileSystem.Watcher.dll
		lib\System.IO.IsolatedStorage.dll = lib\System.IO.IsolatedStorage.dll
		lib\System.IO.MemoryMappedFiles.dll = lib\System.IO.MemoryMappedFiles.dll
		lib\System.IO.Pipelines.dll = lib\System.IO.Pipelines.dll
		lib\System.IO.Pipelines.xml = lib\System.IO.Pipelines.xml
		lib\System.IO.Pipes.dll = lib\System.IO.Pipes.dll
		lib\System.IO.UnmanagedMemoryStream.dll = lib\System.IO.UnmanagedMemoryStream.dll
		lib\System.Linq.dll = lib\System.Linq.dll
		lib\System.Linq.Expressions.dll = lib\System.Linq.Expressions.dll
		lib\System.Linq.Parallel.dll = lib\System.Linq.Parallel.dll
		lib\System.Linq.Queryable.dll = lib\System.Linq.Queryable.dll
		lib\System.Memory.dll = lib\System.Memory.dll
		lib\System.Memory.xml = lib\System.Memory.xml
		lib\System.Net.Http.dll = lib\System.Net.Http.dll
		lib\System.Net.NameResolution.dll = lib\System.Net.NameResolution.dll
		lib\System.Net.NetworkInformation.dll = lib\System.Net.NetworkInformation.dll
		lib\System.Net.Ping.dll = lib\System.Net.Ping.dll
		lib\System.Net.Primitives.dll = lib\System.Net.Primitives.dll
		lib\System.Net.Requests.dll = lib\System.Net.Requests.dll
		lib\System.Net.Security.dll = lib\System.Net.Security.dll
		lib\System.Net.Sockets.dll = lib\System.Net.Sockets.dll
		lib\System.Net.WebHeaderCollection.dll = lib\System.Net.WebHeaderCollection.dll
		lib\System.Net.WebSockets.Client.dll = lib\System.Net.WebSockets.Client.dll
		lib\System.Net.WebSockets.dll = lib\System.Net.WebSockets.dll
		lib\System.Numerics.Vectors.dll = lib\System.Numerics.Vectors.dll
		lib\System.Numerics.Vectors.xml = lib\System.Numerics.Vectors.xml
		lib\System.ObjectModel.dll = lib\System.ObjectModel.dll
		lib\System.Reflection.dll = lib\System.Reflection.dll
		lib\System.Reflection.Extensions.dll = lib\System.Reflection.Extensions.dll
		lib\System.Reflection.Primitives.dll = lib\System.Reflection.Primitives.dll
		lib\System.Resources.Reader.dll = lib\System.Resources.Reader.dll
		lib\System.Resources.ResourceManager.dll = lib\System.Resources.ResourceManager.dll
		lib\System.Resources.Writer.dll = lib\System.Resources.Writer.dll
		lib\System.Runtime.CompilerServices.Unsafe.dll = lib\System.Runtime.CompilerServices.Unsafe.dll
		lib\System.Runtime.CompilerServices.Unsafe.xml = lib\System.Runtime.CompilerServices.Unsafe.xml
		lib\System.Runtime.CompilerServices.VisualC.dll = lib\System.Runtime.CompilerServices.VisualC.dll
		lib\System.Runtime.dll = lib\System.Runtime.dll
		lib\System.Runtime.Extensions.dll = lib\System.Runtime.Extensions.dll
		lib\System.Runtime.Handles.dll = lib\System.Runtime.Handles.dll
		lib\System.Runtime.InteropServices.dll = lib\System.Runtime.InteropServices.dll
		lib\System.Runtime.InteropServices.RuntimeInformation.dll = lib\System.Runtime.InteropServices.RuntimeInformation.dll
		lib\System.Runtime.Numerics.dll = lib\System.Runtime.Numerics.dll
		lib\System.Runtime.Serialization.Formatters.dll = lib\System.Runtime.Serialization.Formatters.dll
		lib\System.Runtime.Serialization.Json.dll = lib\System.Runtime.Serialization.Json.dll
		lib\System.Runtime.Serialization.Primitives.dll = lib\System.Runtime.Serialization.Primitives.dll
		lib\System.Runtime.Serialization.Xml.dll = lib\System.Runtime.Serialization.Xml.dll
		lib\System.Security.Claims.dll = lib\System.Security.Claims.dll
		lib\System.Security.Cryptography.Algorithms.dll = lib\System.Security.Cryptography.Algorithms.dll
		lib\System.Security.Cryptography.Csp.dll = lib\System.Security.Cryptography.Csp.dll
		lib\System.Security.Cryptography.Encoding.dll = lib\System.Security.Cryptography.Encoding.dll
		lib\System.Security.Cryptography.Primitives.dll = lib\System.Security.Cryptography.Primitives.dll
		lib\System.Security.Cryptography.X509Certificates.dll = lib\System.Security.Cryptography.X509Certificates.dll
		lib\System.Security.Principal.dll = lib\System.Security.Principal.dll
		lib\System.Security.SecureString.dll = lib\System.Security.SecureString.dll
		lib\System.Text.Encoding.dll = lib\System.Text.Encoding.dll
		lib\System.Text.Encoding.Extensions.dll = lib\System.Text.Encoding.Extensions.dll
		lib\System.Text.RegularExpressions.dll = lib\System.Text.RegularExpressions.dll
		lib\System.Threading.Channels.dll = lib\System.Threading.Channels.dll
		lib\System.Threading.Channels.xml = lib\System.Threading.Channels.xml
		lib\System.Threading.dll = lib\System.Threading.dll
		lib\System.Threading.Overlapped.dll = lib\System.Threading.Overlapped.dll
		lib\System.Threading.Tasks.dll = lib\System.Threading.Tasks.dll
		lib\System.Threading.Tasks.Extensions.dll = lib\System.Threading.Tasks.Extensions.dll
		lib\System.Threading.Tasks.Extensions.xml = lib\System.Threading.Tasks.Extensions.xml
		lib\System.Threading.Tasks.Parallel.dll = lib\System.Threading.Tasks.Parallel.dll
		lib\System.Threading.Thread.dll = lib\System.Threading.Thread.dll
		lib\System.Threading.ThreadPool.dll = lib\System.Threading.ThreadPool.dll
		lib\System.Threading.Timer.dll = lib\System.Threading.Timer.dll
		lib\System.ValueTuple.dll = lib\System.ValueTuple.dll
		lib\System.Web.Cors.dll = lib\System.Web.Cors.dll
		lib\System.Xml.ReaderWriter.dll = lib\System.Xml.ReaderWriter.dll
		lib\System.Xml.XDocument.dll = lib\System.Xml.XDocument.dll
		lib\System.Xml.XmlDocument.dll = lib\System.Xml.XmlDocument.dll
		lib\System.Xml.XmlSerializer.dll = lib\System.Xml.XmlSerializer.dll
		lib\System.Xml.XPath.dll = lib\System.Xml.XPath.dll
		lib\System.Xml.XPath.XDocument.dll = lib\System.Xml.XPath.XDocument.dll
		lib\wkhtmltox0.dll = lib\wkhtmltox0.dll
		lib\Yahoo.Yui.Compressor.dll = lib\Yahoo.Yui.Compressor.dll
	EndProjectSection
EndProject
Global
	GlobalSection(SolutionConfigurationPlatforms) = preSolution
		Debug|Android = Debug|Android
		Debug|Any CPU = Debug|Any CPU
		Debug|iOS = Debug|iOS
		Debug|Windows-ARM = Debug|Windows-ARM
		Debug|Windows-x64 = Debug|Windows-x64
		Debug|Windows-x86 = Debug|Windows-x86
		Release|Android = Release|Android
		Release|Any CPU = Release|Any CPU
		Release|iOS = Release|iOS
		Release|Windows-ARM = Release|Windows-ARM
		Release|Windows-x64 = Release|Windows-x64
		Release|Windows-x86 = Release|Windows-x86
	EndGlobalSection
	GlobalSection(ProjectConfigurationPlatforms) = postSolution
		{CF8AE293-88AB-436C-9720-A8386BA5D7B7}.Debug|Android.ActiveCfg = Debug|Any CPU
		{CF8AE293-88AB-436C-9720-A8386BA5D7B7}.Debug|Android.Build.0 = Debug|Any CPU
		{CF8AE293-88AB-436C-9720-A8386BA5D7B7}.Debug|Any CPU.ActiveCfg = Debug|Any CPU
		{CF8AE293-88AB-436C-9720-A8386BA5D7B7}.Debug|Any CPU.Build.0 = Debug|Any CPU
		{CF8AE293-88AB-436C-9720-A8386BA5D7B7}.Debug|iOS.ActiveCfg = Debug|Any CPU
		{CF8AE293-88AB-436C-9720-A8386BA5D7B7}.Debug|iOS.Build.0 = Debug|Any CPU
		{CF8AE293-88AB-436C-9720-A8386BA5D7B7}.Debug|Windows-ARM.ActiveCfg = Debug|Any CPU
		{CF8AE293-88AB-436C-9720-A8386BA5D7B7}.Debug|Windows-ARM.Build.0 = Debug|Any CPU
		{CF8AE293-88AB-436C-9720-A8386BA5D7B7}.Debug|Windows-x64.ActiveCfg = Debug|Any CPU
		{CF8AE293-88AB-436C-9720-A8386BA5D7B7}.Debug|Windows-x64.Build.0 = Debug|Any CPU
		{CF8AE293-88AB-436C-9720-A8386BA5D7B7}.Debug|Windows-x86.ActiveCfg = Debug|Any CPU
		{CF8AE293-88AB-436C-9720-A8386BA5D7B7}.Debug|Windows-x86.Build.0 = Debug|Any CPU
		{CF8AE293-88AB-436C-9720-A8386BA5D7B7}.Release|Android.ActiveCfg = Release|Any CPU
		{CF8AE293-88AB-436C-9720-A8386BA5D7B7}.Release|Android.Build.0 = Release|Any CPU
		{CF8AE293-88AB-436C-9720-A8386BA5D7B7}.Release|Any CPU.ActiveCfg = Release|Any CPU
		{CF8AE293-88AB-436C-9720-A8386BA5D7B7}.Release|Any CPU.Build.0 = Release|Any CPU
		{CF8AE293-88AB-436C-9720-A8386BA5D7B7}.Release|iOS.ActiveCfg = Release|Any CPU
		{CF8AE293-88AB-436C-9720-A8386BA5D7B7}.Release|iOS.Build.0 = Release|Any CPU
		{CF8AE293-88AB-436C-9720-A8386BA5D7B7}.Release|Windows-ARM.ActiveCfg = Release|Any CPU
		{CF8AE293-88AB-436C-9720-A8386BA5D7B7}.Release|Windows-ARM.Build.0 = Release|Any CPU
		{CF8AE293-88AB-436C-9720-A8386BA5D7B7}.Release|Windows-x64.ActiveCfg = Release|Any CPU
		{CF8AE293-88AB-436C-9720-A8386BA5D7B7}.Release|Windows-x64.Build.0 = Release|Any CPU
		{CF8AE293-88AB-436C-9720-A8386BA5D7B7}.Release|Windows-x86.ActiveCfg = Release|Any CPU
		{CF8AE293-88AB-436C-9720-A8386BA5D7B7}.Release|Windows-x86.Build.0 = Release|Any CPU
		{AD556B7A-E0D1-41BD-9D5B-18F8502E9F33}.Debug|Android.ActiveCfg = Debug|Any CPU
		{AD556B7A-E0D1-41BD-9D5B-18F8502E9F33}.Debug|Android.Build.0 = Debug|Any CPU
		{AD556B7A-E0D1-41BD-9D5B-18F8502E9F33}.Debug|Any CPU.ActiveCfg = Debug|Any CPU
		{AD556B7A-E0D1-41BD-9D5B-18F8502E9F33}.Debug|Any CPU.Build.0 = Debug|Any CPU
		{AD556B7A-E0D1-41BD-9D5B-18F8502E9F33}.Debug|iOS.ActiveCfg = Debug|Any CPU
		{AD556B7A-E0D1-41BD-9D5B-18F8502E9F33}.Debug|iOS.Build.0 = Debug|Any CPU
		{AD556B7A-E0D1-41BD-9D5B-18F8502E9F33}.Debug|Windows-ARM.ActiveCfg = Debug|Any CPU
		{AD556B7A-E0D1-41BD-9D5B-18F8502E9F33}.Debug|Windows-ARM.Build.0 = Debug|Any CPU
		{AD556B7A-E0D1-41BD-9D5B-18F8502E9F33}.Debug|Windows-x64.ActiveCfg = Debug|Any CPU
		{AD556B7A-E0D1-41BD-9D5B-18F8502E9F33}.Debug|Windows-x64.Build.0 = Debug|Any CPU
		{AD556B7A-E0D1-41BD-9D5B-18F8502E9F33}.Debug|Windows-x86.ActiveCfg = Debug|Any CPU
		{AD556B7A-E0D1-41BD-9D5B-18F8502E9F33}.Debug|Windows-x86.Build.0 = Debug|Any CPU
		{AD556B7A-E0D1-41BD-9D5B-18F8502E9F33}.Release|Android.ActiveCfg = Release|Any CPU
		{AD556B7A-E0D1-41BD-9D5B-18F8502E9F33}.Release|Android.Build.0 = Release|Any CPU
		{AD556B7A-E0D1-41BD-9D5B-18F8502E9F33}.Release|Any CPU.ActiveCfg = Release|Any CPU
		{AD556B7A-E0D1-41BD-9D5B-18F8502E9F33}.Release|Any CPU.Build.0 = Release|Any CPU
		{AD556B7A-E0D1-41BD-9D5B-18F8502E9F33}.Release|iOS.ActiveCfg = Release|Any CPU
		{AD556B7A-E0D1-41BD-9D5B-18F8502E9F33}.Release|iOS.Build.0 = Release|Any CPU
		{AD556B7A-E0D1-41BD-9D5B-18F8502E9F33}.Release|Windows-ARM.ActiveCfg = Release|Any CPU
		{AD556B7A-E0D1-41BD-9D5B-18F8502E9F33}.Release|Windows-ARM.Build.0 = Release|Any CPU
		{AD556B7A-E0D1-41BD-9D5B-18F8502E9F33}.Release|Windows-x64.ActiveCfg = Release|Any CPU
		{AD556B7A-E0D1-41BD-9D5B-18F8502E9F33}.Release|Windows-x64.Build.0 = Release|Any CPU
		{AD556B7A-E0D1-41BD-9D5B-18F8502E9F33}.Release|Windows-x86.ActiveCfg = Release|Any CPU
		{AD556B7A-E0D1-41BD-9D5B-18F8502E9F33}.Release|Windows-x86.Build.0 = Release|Any CPU
		{79F8E2F1-08E7-4336-93E0-512B39F9DD54}.Debug|Android.ActiveCfg = Debug|Any CPU
		{79F8E2F1-08E7-4336-93E0-512B39F9DD54}.Debug|Android.Build.0 = Debug|Any CPU
		{79F8E2F1-08E7-4336-93E0-512B39F9DD54}.Debug|Any CPU.ActiveCfg = Debug|Any CPU
		{79F8E2F1-08E7-4336-93E0-512B39F9DD54}.Debug|Any CPU.Build.0 = Debug|Any CPU
		{79F8E2F1-08E7-4336-93E0-512B39F9DD54}.Debug|iOS.ActiveCfg = Debug|Any CPU
		{79F8E2F1-08E7-4336-93E0-512B39F9DD54}.Debug|iOS.Build.0 = Debug|Any CPU
		{79F8E2F1-08E7-4336-93E0-512B39F9DD54}.Debug|Windows-ARM.ActiveCfg = Debug|Any CPU
		{79F8E2F1-08E7-4336-93E0-512B39F9DD54}.Debug|Windows-ARM.Build.0 = Debug|Any CPU
		{79F8E2F1-08E7-4336-93E0-512B39F9DD54}.Debug|Windows-x64.ActiveCfg = Debug|Any CPU
		{79F8E2F1-08E7-4336-93E0-512B39F9DD54}.Debug|Windows-x64.Build.0 = Debug|Any CPU
		{79F8E2F1-08E7-4336-93E0-512B39F9DD54}.Debug|Windows-x86.ActiveCfg = Debug|Any CPU
		{79F8E2F1-08E7-4336-93E0-512B39F9DD54}.Debug|Windows-x86.Build.0 = Debug|Any CPU
		{79F8E2F1-08E7-4336-93E0-512B39F9DD54}.Release|Android.ActiveCfg = Release|Any CPU
		{79F8E2F1-08E7-4336-93E0-512B39F9DD54}.Release|Android.Build.0 = Release|Any CPU
		{79F8E2F1-08E7-4336-93E0-512B39F9DD54}.Release|Any CPU.ActiveCfg = Release|Any CPU
		{79F8E2F1-08E7-4336-93E0-512B39F9DD54}.Release|Any CPU.Build.0 = Release|Any CPU
		{79F8E2F1-08E7-4336-93E0-512B39F9DD54}.Release|iOS.ActiveCfg = Release|Any CPU
		{79F8E2F1-08E7-4336-93E0-512B39F9DD54}.Release|iOS.Build.0 = Release|Any CPU
		{79F8E2F1-08E7-4336-93E0-512B39F9DD54}.Release|Windows-ARM.ActiveCfg = Release|Any CPU
		{79F8E2F1-08E7-4336-93E0-512B39F9DD54}.Release|Windows-ARM.Build.0 = Release|Any CPU
		{79F8E2F1-08E7-4336-93E0-512B39F9DD54}.Release|Windows-x64.ActiveCfg = Release|Any CPU
		{79F8E2F1-08E7-4336-93E0-512B39F9DD54}.Release|Windows-x64.Build.0 = Release|Any CPU
		{79F8E2F1-08E7-4336-93E0-512B39F9DD54}.Release|Windows-x86.ActiveCfg = Release|Any CPU
		{79F8E2F1-08E7-4336-93E0-512B39F9DD54}.Release|Windows-x86.Build.0 = Release|Any CPU
		{FA8E854B-F41C-4554-A97E-8D6E076E3117}.Debug|Android.ActiveCfg = Debug|Any CPU
		{FA8E854B-F41C-4554-A97E-8D6E076E3117}.Debug|Android.Build.0 = Debug|Any CPU
		{FA8E854B-F41C-4554-A97E-8D6E076E3117}.Debug|Any CPU.ActiveCfg = Debug|Any CPU
		{FA8E854B-F41C-4554-A97E-8D6E076E3117}.Debug|Any CPU.Build.0 = Debug|Any CPU
		{FA8E854B-F41C-4554-A97E-8D6E076E3117}.Debug|iOS.ActiveCfg = Debug|Any CPU
		{FA8E854B-F41C-4554-A97E-8D6E076E3117}.Debug|iOS.Build.0 = Debug|Any CPU
		{FA8E854B-F41C-4554-A97E-8D6E076E3117}.Debug|Windows-ARM.ActiveCfg = Debug|Any CPU
		{FA8E854B-F41C-4554-A97E-8D6E076E3117}.Debug|Windows-ARM.Build.0 = Debug|Any CPU
		{FA8E854B-F41C-4554-A97E-8D6E076E3117}.Debug|Windows-x64.ActiveCfg = Debug|Any CPU
		{FA8E854B-F41C-4554-A97E-8D6E076E3117}.Debug|Windows-x64.Build.0 = Debug|Any CPU
		{FA8E854B-F41C-4554-A97E-8D6E076E3117}.Debug|Windows-x86.ActiveCfg = Debug|Any CPU
		{FA8E854B-F41C-4554-A97E-8D6E076E3117}.Debug|Windows-x86.Build.0 = Debug|Any CPU
		{FA8E854B-F41C-4554-A97E-8D6E076E3117}.Release|Android.ActiveCfg = Release|Any CPU
		{FA8E854B-F41C-4554-A97E-8D6E076E3117}.Release|Android.Build.0 = Release|Any CPU
		{FA8E854B-F41C-4554-A97E-8D6E076E3117}.Release|Any CPU.ActiveCfg = Release|Any CPU
		{FA8E854B-F41C-4554-A97E-8D6E076E3117}.Release|Any CPU.Build.0 = Release|Any CPU
		{FA8E854B-F41C-4554-A97E-8D6E076E3117}.Release|iOS.ActiveCfg = Release|Any CPU
		{FA8E854B-F41C-4554-A97E-8D6E076E3117}.Release|iOS.Build.0 = Release|Any CPU
		{FA8E854B-F41C-4554-A97E-8D6E076E3117}.Release|Windows-ARM.ActiveCfg = Release|Any CPU
		{FA8E854B-F41C-4554-A97E-8D6E076E3117}.Release|Windows-ARM.Build.0 = Release|Any CPU
		{FA8E854B-F41C-4554-A97E-8D6E076E3117}.Release|Windows-x64.ActiveCfg = Release|Any CPU
		{FA8E854B-F41C-4554-A97E-8D6E076E3117}.Release|Windows-x64.Build.0 = Release|Any CPU
		{FA8E854B-F41C-4554-A97E-8D6E076E3117}.Release|Windows-x86.ActiveCfg = Release|Any CPU
		{FA8E854B-F41C-4554-A97E-8D6E076E3117}.Release|Windows-x86.Build.0 = Release|Any CPU
		{B9943E88-BF67-46EC-A4D8-D0C81D5846C4}.Debug|Android.ActiveCfg = Debug|Android
		{B9943E88-BF67-46EC-A4D8-D0C81D5846C4}.Debug|Android.Build.0 = Debug|Android
		{B9943E88-BF67-46EC-A4D8-D0C81D5846C4}.Debug|Android.Deploy.0 = Debug|Android
		{B9943E88-BF67-46EC-A4D8-D0C81D5846C4}.Debug|Any CPU.ActiveCfg = Debug|Android
		{B9943E88-BF67-46EC-A4D8-D0C81D5846C4}.Debug|iOS.ActiveCfg = Debug|iOS
		{B9943E88-BF67-46EC-A4D8-D0C81D5846C4}.Debug|iOS.Build.0 = Debug|iOS
		{B9943E88-BF67-46EC-A4D8-D0C81D5846C4}.Debug|iOS.Deploy.0 = Debug|iOS
		{B9943E88-BF67-46EC-A4D8-D0C81D5846C4}.Debug|Windows-ARM.ActiveCfg = Debug|Windows-ARM
		{B9943E88-BF67-46EC-A4D8-D0C81D5846C4}.Debug|Windows-ARM.Build.0 = Debug|Windows-ARM
		{B9943E88-BF67-46EC-A4D8-D0C81D5846C4}.Debug|Windows-ARM.Deploy.0 = Debug|Windows-ARM
		{B9943E88-BF67-46EC-A4D8-D0C81D5846C4}.Debug|Windows-x64.ActiveCfg = Debug|Windows-x64
		{B9943E88-BF67-46EC-A4D8-D0C81D5846C4}.Debug|Windows-x64.Build.0 = Debug|Windows-x64
		{B9943E88-BF67-46EC-A4D8-D0C81D5846C4}.Debug|Windows-x64.Deploy.0 = Debug|Windows-x64
		{B9943E88-BF67-46EC-A4D8-D0C81D5846C4}.Debug|Windows-x86.ActiveCfg = Debug|Windows-x86
		{B9943E88-BF67-46EC-A4D8-D0C81D5846C4}.Debug|Windows-x86.Build.0 = Debug|Windows-x86
		{B9943E88-BF67-46EC-A4D8-D0C81D5846C4}.Debug|Windows-x86.Deploy.0 = Debug|Windows-x86
		{B9943E88-BF67-46EC-A4D8-D0C81D5846C4}.Release|Android.ActiveCfg = Release|Android
		{B9943E88-BF67-46EC-A4D8-D0C81D5846C4}.Release|Android.Build.0 = Release|Android
		{B9943E88-BF67-46EC-A4D8-D0C81D5846C4}.Release|Android.Deploy.0 = Release|Android
		{B9943E88-BF67-46EC-A4D8-D0C81D5846C4}.Release|Any CPU.ActiveCfg = Release|Android
		{B9943E88-BF67-46EC-A4D8-D0C81D5846C4}.Release|iOS.ActiveCfg = Release|iOS
		{B9943E88-BF67-46EC-A4D8-D0C81D5846C4}.Release|iOS.Build.0 = Release|iOS
		{B9943E88-BF67-46EC-A4D8-D0C81D5846C4}.Release|iOS.Deploy.0 = Release|iOS
		{B9943E88-BF67-46EC-A4D8-D0C81D5846C4}.Release|Windows-ARM.ActiveCfg = Release|Windows-ARM
		{B9943E88-BF67-46EC-A4D8-D0C81D5846C4}.Release|Windows-ARM.Build.0 = Release|Windows-ARM
		{B9943E88-BF67-46EC-A4D8-D0C81D5846C4}.Release|Windows-ARM.Deploy.0 = Release|Windows-ARM
		{B9943E88-BF67-46EC-A4D8-D0C81D5846C4}.Release|Windows-x64.ActiveCfg = Release|Windows-x64
		{B9943E88-BF67-46EC-A4D8-D0C81D5846C4}.Release|Windows-x64.Build.0 = Release|Windows-x64
		{B9943E88-BF67-46EC-A4D8-D0C81D5846C4}.Release|Windows-x64.Deploy.0 = Release|Windows-x64
		{B9943E88-BF67-46EC-A4D8-D0C81D5846C4}.Release|Windows-x86.ActiveCfg = Release|Windows-x86
		{B9943E88-BF67-46EC-A4D8-D0C81D5846C4}.Release|Windows-x86.Build.0 = Release|Windows-x86
		{B9943E88-BF67-46EC-A4D8-D0C81D5846C4}.Release|Windows-x86.Deploy.0 = Release|Windows-x86
		{2F94FC64-4D55-4874-8A71-95E9DB1F2AAD}.Debug|Android.ActiveCfg = Debug|Any CPU
		{2F94FC64-4D55-4874-8A71-95E9DB1F2AAD}.Debug|Android.Build.0 = Debug|Any CPU
		{2F94FC64-4D55-4874-8A71-95E9DB1F2AAD}.Debug|Any CPU.ActiveCfg = Debug|Any CPU
		{2F94FC64-4D55-4874-8A71-95E9DB1F2AAD}.Debug|Any CPU.Build.0 = Debug|Any CPU
		{2F94FC64-4D55-4874-8A71-95E9DB1F2AAD}.Debug|iOS.ActiveCfg = Debug|Any CPU
		{2F94FC64-4D55-4874-8A71-95E9DB1F2AAD}.Debug|iOS.Build.0 = Debug|Any CPU
		{2F94FC64-4D55-4874-8A71-95E9DB1F2AAD}.Debug|Windows-ARM.ActiveCfg = Debug|Any CPU
		{2F94FC64-4D55-4874-8A71-95E9DB1F2AAD}.Debug|Windows-ARM.Build.0 = Debug|Any CPU
		{2F94FC64-4D55-4874-8A71-95E9DB1F2AAD}.Debug|Windows-x64.ActiveCfg = Debug|Any CPU
		{2F94FC64-4D55-4874-8A71-95E9DB1F2AAD}.Debug|Windows-x64.Build.0 = Debug|Any CPU
		{2F94FC64-4D55-4874-8A71-95E9DB1F2AAD}.Debug|Windows-x86.ActiveCfg = Debug|Any CPU
		{2F94FC64-4D55-4874-8A71-95E9DB1F2AAD}.Debug|Windows-x86.Build.0 = Debug|Any CPU
		{2F94FC64-4D55-4874-8A71-95E9DB1F2AAD}.Release|Android.ActiveCfg = Release|Any CPU
		{2F94FC64-4D55-4874-8A71-95E9DB1F2AAD}.Release|Android.Build.0 = Release|Any CPU
		{2F94FC64-4D55-4874-8A71-95E9DB1F2AAD}.Release|Any CPU.ActiveCfg = Release|Any CPU
		{2F94FC64-4D55-4874-8A71-95E9DB1F2AAD}.Release|Any CPU.Build.0 = Release|Any CPU
		{2F94FC64-4D55-4874-8A71-95E9DB1F2AAD}.Release|iOS.ActiveCfg = Release|Any CPU
		{2F94FC64-4D55-4874-8A71-95E9DB1F2AAD}.Release|iOS.Build.0 = Release|Any CPU
		{2F94FC64-4D55-4874-8A71-95E9DB1F2AAD}.Release|Windows-ARM.ActiveCfg = Release|Any CPU
		{2F94FC64-4D55-4874-8A71-95E9DB1F2AAD}.Release|Windows-ARM.Build.0 = Release|Any CPU
		{2F94FC64-4D55-4874-8A71-95E9DB1F2AAD}.Release|Windows-x64.ActiveCfg = Release|Any CPU
		{2F94FC64-4D55-4874-8A71-95E9DB1F2AAD}.Release|Windows-x64.Build.0 = Release|Any CPU
		{2F94FC64-4D55-4874-8A71-95E9DB1F2AAD}.Release|Windows-x86.ActiveCfg = Release|Any CPU
		{2F94FC64-4D55-4874-8A71-95E9DB1F2AAD}.Release|Windows-x86.Build.0 = Release|Any CPU
		{56F9A112-FD96-4809-98F4-0D7C5DE0711B}.Debug|Android.ActiveCfg = Debug|Any CPU
		{56F9A112-FD96-4809-98F4-0D7C5DE0711B}.Debug|Android.Build.0 = Debug|Any CPU
		{56F9A112-FD96-4809-98F4-0D7C5DE0711B}.Debug|Any CPU.ActiveCfg = Debug|Any CPU
		{56F9A112-FD96-4809-98F4-0D7C5DE0711B}.Debug|Any CPU.Build.0 = Debug|Any CPU
		{56F9A112-FD96-4809-98F4-0D7C5DE0711B}.Debug|iOS.ActiveCfg = Debug|Any CPU
		{56F9A112-FD96-4809-98F4-0D7C5DE0711B}.Debug|iOS.Build.0 = Debug|Any CPU
		{56F9A112-FD96-4809-98F4-0D7C5DE0711B}.Debug|Windows-ARM.ActiveCfg = Debug|Any CPU
		{56F9A112-FD96-4809-98F4-0D7C5DE0711B}.Debug|Windows-ARM.Build.0 = Debug|Any CPU
		{56F9A112-FD96-4809-98F4-0D7C5DE0711B}.Debug|Windows-x64.ActiveCfg = Debug|Any CPU
		{56F9A112-FD96-4809-98F4-0D7C5DE0711B}.Debug|Windows-x64.Build.0 = Debug|Any CPU
		{56F9A112-FD96-4809-98F4-0D7C5DE0711B}.Debug|Windows-x86.ActiveCfg = Debug|Any CPU
		{56F9A112-FD96-4809-98F4-0D7C5DE0711B}.Debug|Windows-x86.Build.0 = Debug|Any CPU
		{56F9A112-FD96-4809-98F4-0D7C5DE0711B}.Release|Android.ActiveCfg = Release|Any CPU
		{56F9A112-FD96-4809-98F4-0D7C5DE0711B}.Release|Android.Build.0 = Release|Any CPU
		{56F9A112-FD96-4809-98F4-0D7C5DE0711B}.Release|Any CPU.ActiveCfg = Release|Any CPU
		{56F9A112-FD96-4809-98F4-0D7C5DE0711B}.Release|Any CPU.Build.0 = Release|Any CPU
		{56F9A112-FD96-4809-98F4-0D7C5DE0711B}.Release|iOS.ActiveCfg = Release|Any CPU
		{56F9A112-FD96-4809-98F4-0D7C5DE0711B}.Release|iOS.Build.0 = Release|Any CPU
		{56F9A112-FD96-4809-98F4-0D7C5DE0711B}.Release|Windows-ARM.ActiveCfg = Release|Any CPU
		{56F9A112-FD96-4809-98F4-0D7C5DE0711B}.Release|Windows-ARM.Build.0 = Release|Any CPU
		{56F9A112-FD96-4809-98F4-0D7C5DE0711B}.Release|Windows-x64.ActiveCfg = Release|Any CPU
		{56F9A112-FD96-4809-98F4-0D7C5DE0711B}.Release|Windows-x64.Build.0 = Release|Any CPU
		{56F9A112-FD96-4809-98F4-0D7C5DE0711B}.Release|Windows-x86.ActiveCfg = Release|Any CPU
		{56F9A112-FD96-4809-98F4-0D7C5DE0711B}.Release|Windows-x86.Build.0 = Release|Any CPU
		{47DD3305-EF76-4EE3-AD8C-B978EB7E4561}.Debug|Android.ActiveCfg = Debug|Any CPU
		{47DD3305-EF76-4EE3-AD8C-B978EB7E4561}.Debug|Android.Build.0 = Debug|Any CPU
		{47DD3305-EF76-4EE3-AD8C-B978EB7E4561}.Debug|Any CPU.ActiveCfg = Debug|Any CPU
		{47DD3305-EF76-4EE3-AD8C-B978EB7E4561}.Debug|Any CPU.Build.0 = Debug|Any CPU
		{47DD3305-EF76-4EE3-AD8C-B978EB7E4561}.Debug|iOS.ActiveCfg = Debug|Any CPU
		{47DD3305-EF76-4EE3-AD8C-B978EB7E4561}.Debug|iOS.Build.0 = Debug|Any CPU
		{47DD3305-EF76-4EE3-AD8C-B978EB7E4561}.Debug|Windows-ARM.ActiveCfg = Debug|Any CPU
		{47DD3305-EF76-4EE3-AD8C-B978EB7E4561}.Debug|Windows-ARM.Build.0 = Debug|Any CPU
		{47DD3305-EF76-4EE3-AD8C-B978EB7E4561}.Debug|Windows-x64.ActiveCfg = Debug|Any CPU
		{47DD3305-EF76-4EE3-AD8C-B978EB7E4561}.Debug|Windows-x64.Build.0 = Debug|Any CPU
		{47DD3305-EF76-4EE3-AD8C-B978EB7E4561}.Debug|Windows-x86.ActiveCfg = Debug|Any CPU
		{47DD3305-EF76-4EE3-AD8C-B978EB7E4561}.Debug|Windows-x86.Build.0 = Debug|Any CPU
		{47DD3305-EF76-4EE3-AD8C-B978EB7E4561}.Release|Android.ActiveCfg = Release|Any CPU
		{47DD3305-EF76-4EE3-AD8C-B978EB7E4561}.Release|Android.Build.0 = Release|Any CPU
		{47DD3305-EF76-4EE3-AD8C-B978EB7E4561}.Release|Any CPU.ActiveCfg = Release|Any CPU
		{47DD3305-EF76-4EE3-AD8C-B978EB7E4561}.Release|Any CPU.Build.0 = Release|Any CPU
		{47DD3305-EF76-4EE3-AD8C-B978EB7E4561}.Release|iOS.ActiveCfg = Release|Any CPU
		{47DD3305-EF76-4EE3-AD8C-B978EB7E4561}.Release|iOS.Build.0 = Release|Any CPU
		{47DD3305-EF76-4EE3-AD8C-B978EB7E4561}.Release|Windows-ARM.ActiveCfg = Release|Any CPU
		{47DD3305-EF76-4EE3-AD8C-B978EB7E4561}.Release|Windows-ARM.Build.0 = Release|Any CPU
		{47DD3305-EF76-4EE3-AD8C-B978EB7E4561}.Release|Windows-x64.ActiveCfg = Release|Any CPU
		{47DD3305-EF76-4EE3-AD8C-B978EB7E4561}.Release|Windows-x64.Build.0 = Release|Any CPU
		{47DD3305-EF76-4EE3-AD8C-B978EB7E4561}.Release|Windows-x86.ActiveCfg = Release|Any CPU
		{47DD3305-EF76-4EE3-AD8C-B978EB7E4561}.Release|Windows-x86.Build.0 = Release|Any CPU
	EndGlobalSection
	GlobalSection(SolutionProperties) = preSolution
		HideSolutionNode = FALSE
	EndGlobalSection
	GlobalSection(NestedProjects) = preSolution
		{656B47C1-3922-4F0B-820E-00BA9BDB33B1} = {ED258CD0-0A0C-490B-9D8F-B4CEC4467251}
		{5C21750D-4143-4749-9489-F739765F542D} = {C6B09613-CC72-4D16-8056-1FD68ED86BF3}
		{CF8AE293-88AB-436C-9720-A8386BA5D7B7} = {5C21750D-4143-4749-9489-F739765F542D}
		{AD556B7A-E0D1-41BD-9D5B-18F8502E9F33} = {5C21750D-4143-4749-9489-F739765F542D}
		{79F8E2F1-08E7-4336-93E0-512B39F9DD54} = {EB13D46C-0BFF-4245-AC36-41006C7ECA26}
		{EB13D46C-0BFF-4245-AC36-41006C7ECA26} = {656B47C1-3922-4F0B-820E-00BA9BDB33B1}
		{BB319097-537F-4937-9ABF-62DCB0F25C76} = {656B47C1-3922-4F0B-820E-00BA9BDB33B1}
		{FA8E854B-F41C-4554-A97E-8D6E076E3117} = {ED258CD0-0A0C-490B-9D8F-B4CEC4467251}
		{B9943E88-BF67-46EC-A4D8-D0C81D5846C4} = {29DFF52B-8455-4EA1-8798-3AEE210D9372}
		{56F9A112-FD96-4809-98F4-0D7C5DE0711B} = {BB319097-537F-4937-9ABF-62DCB0F25C76}
	EndGlobalSection
	GlobalSection(ExtensibilityGlobals) = postSolution
		EnterpriseLibraryConfigurationToolBinariesPath = packages\Unity.2.1.505.0\lib\NET35
		SolutionGuid = {968C278F-4142-4DFF-96B0-B3D70A649451}
	EndGlobalSection
EndGlobal
